// !$*UTF8*$!
{
	archiveVersion = 1;
	classes = {
	};
	objectVersion = 50;
	objects = {

/* Begin PBXBuildFile section */
		CECDF0F42592562C00D42312 /* AppDelegate.swift in Sources */ = {isa = PBXBuildFile; fileRef = CECDF0F32592562C00D42312 /* AppDelegate.swift */; };
		CECDF0F62592562C00D42312 /* SceneDelegate.swift in Sources */ = {isa = PBXBuildFile; fileRef = CECDF0F52592562C00D42312 /* SceneDelegate.swift */; };
		CECDF0FB2592562C00D42312 /* Main.storyboard in Resources */ = {isa = PBXBuildFile; fileRef = CECDF0F92592562C00D42312 /* Main.storyboard */; };
		CECDF0FD2592563100D42312 /* Assets.xcassets in Resources */ = {isa = PBXBuildFile; fileRef = CECDF0FC2592563100D42312 /* Assets.xcassets */; };
		CECDF1002592563100D42312 /* LaunchScreen.storyboard in Resources */ = {isa = PBXBuildFile; fileRef = CECDF0FE2592563100D42312 /* LaunchScreen.storyboard */; };
		CECDF10B259256E000D42312 /* FirstTableVC.swift in Sources */ = {isa = PBXBuildFile; fileRef = CECDF10A259256E000D42312 /* FirstTableVC.swift */; };
		CECDF10E259256FF00D42312 /* SecondTableVC.swift in Sources */ = {isa = PBXBuildFile; fileRef = CECDF10D259256FF00D42312 /* SecondTableVC.swift */; };
		CECDF11325925F8800D42312 /* ContactsViewController.swift in Sources */ = {isa = PBXBuildFile; fileRef = CECDF11225925F8800D42312 /* ContactsViewController.swift */; };
		CECDF1172592633A00D42312 /* Person.swift in Sources */ = {isa = PBXBuildFile; fileRef = CECDF1162592633A00D42312 /* Person.swift */; };
		CECDF11A259263AC00D42312 /* DataManager.swift in Sources */ = {isa = PBXBuildFile; fileRef = CECDF119259263AC00D42312 /* DataManager.swift */; };
/* End PBXBuildFile section */

/* Begin PBXFileReference section */
		CECDF0F02592562C00D42312 /* TableViewApp.app */ = {isa = PBXFileReference; explicitFileType = wrapper.application; includeInIndex = 0; path = TableViewApp.app; sourceTree = BUILT_PRODUCTS_DIR; };
		CECDF0F32592562C00D42312 /* AppDelegate.swift */ = {isa = PBXFileReference; lastKnownFileType = sourcecode.swift; path = AppDelegate.swift; sourceTree = "<group>"; };
		CECDF0F52592562C00D42312 /* SceneDelegate.swift */ = {isa = PBXFileReference; lastKnownFileType = sourcecode.swift; path = SceneDelegate.swift; sourceTree = "<group>"; };
		CECDF0FA2592562C00D42312 /* Base */ = {isa = PBXFileReference; lastKnownFileType = file.storyboard; name = Base; path = Base.lproj/Main.storyboard; sourceTree = "<group>"; };
		CECDF0FC2592563100D42312 /* Assets.xcassets */ = {isa = PBXFileReference; lastKnownFileType = folder.assetcatalog; path = Assets.xcassets; sourceTree = "<group>"; };
		CECDF0FF2592563100D42312 /* Base */ = {isa = PBXFileReference; lastKnownFileType = file.storyboard; name = Base; path = Base.lproj/LaunchScreen.storyboard; sourceTree = "<group>"; };
		CECDF1012592563100D42312 /* Info.plist */ = {isa = PBXFileReference; lastKnownFileType = text.plist.xml; path = Info.plist; sourceTree = "<group>"; };
		CECDF10A259256E000D42312 /* FirstTableVC.swift */ = {isa = PBXFileReference; lastKnownFileType = sourcecode.swift; path = FirstTableVC.swift; sourceTree = "<group>"; };
		CECDF10D259256FF00D42312 /* SecondTableVC.swift */ = {isa = PBXFileReference; lastKnownFileType = sourcecode.swift; path = SecondTableVC.swift; sourceTree = "<group>"; };
		CECDF11225925F8800D42312 /* ContactsViewController.swift */ = {isa = PBXFileReference; lastKnownFileType = sourcecode.swift; path = ContactsViewController.swift; sourceTree = "<group>"; };
		CECDF1162592633A00D42312 /* Person.swift */ = {isa = PBXFileReference; lastKnownFileType = sourcecode.swift; path = Person.swift; sourceTree = "<group>"; };
		CECDF119259263AC00D42312 /* DataManager.swift */ = {isa = PBXFileReference; lastKnownFileType = sourcecode.swift; path = DataManager.swift; sourceTree = "<group>"; };
/* End PBXFileReference section */

/* Begin PBXFrameworksBuildPhase section */
		CECDF0ED2592562C00D42312 /* Frameworks */ = {
			isa = PBXFrameworksBuildPhase;
			buildActionMask = 2147483647;
			files = (
			);
			runOnlyForDeploymentPostprocessing = 0;
		};
/* End PBXFrameworksBuildPhase section */

/* Begin PBXGroup section */
		CECDF0E72592562C00D42312 = {
			isa = PBXGroup;
			children = (
				CECDF0F22592562C00D42312 /* TableViewApp */,
				CECDF0F12592562C00D42312 /* Products */,
			);
			sourceTree = "<group>";
		};
		CECDF0F12592562C00D42312 /* Products */ = {
			isa = PBXGroup;
			children = (
				CECDF0F02592562C00D42312 /* TableViewApp.app */,
			);
			name = Products;
			sourceTree = "<group>";
		};
		CECDF0F22592562C00D42312 /* TableViewApp */ = {
			isa = PBXGroup;
			children = (
				CECDF0F32592562C00D42312 /* AppDelegate.swift */,
				CECDF0F52592562C00D42312 /* SceneDelegate.swift */,
				CECDF10A259256E000D42312 /* FirstTableVC.swift */,
				CECDF1162592633A00D42312 /* Person.swift */,
				CECDF119259263AC00D42312 /* DataManager.swift */,
				CECDF10D259256FF00D42312 /* SecondTableVC.swift */,
				CECDF11225925F8800D42312 /* ContactsViewController.swift */,
				CECDF0F92592562C00D42312 /* Main.storyboard */,
				CECDF0FC2592563100D42312 /* Assets.xcassets */,
				CECDF0FE2592563100D42312 /* LaunchScreen.storyboard */,
				CECDF1012592563100D42312 /* Info.plist */,
			);
			path = TableViewApp;
			sourceTree = "<group>";
		};
/* End PBXGroup section */

/* Begin PBXNativeTarget section */
		CECDF0EF2592562C00D42312 /* TableViewApp */ = {
			isa = PBXNativeTarget;
			buildConfigurationList = CECDF1042592563100D42312 /* Build configuration list for PBXNativeTarget "TableViewApp" */;
			buildPhases = (
				CECDF0EC2592562C00D42312 /* Sources */,
				CECDF0ED2592562C00D42312 /* Frameworks */,
				CECDF0EE2592562C00D42312 /* Resources */,
			);
			buildRules = (
			);
			dependencies = (
			);
			name = TableViewApp;
			productName = TableViewApp;
			productReference = CECDF0F02592562C00D42312 /* TableViewApp.app */;
			productType = "com.apple.product-type.application";
		};
/* End PBXNativeTarget section */

/* Begin PBXProject section */
		CECDF0E82592562C00D42312 /* Project object */ = {
			isa = PBXProject;
			attributes = {
				LastSwiftUpdateCheck = 1230;
				LastUpgradeCheck = 1230;
				TargetAttributes = {
					CECDF0EF2592562C00D42312 = {
						CreatedOnToolsVersion = 12.3;
					};
				};
			};
			buildConfigurationList = CECDF0EB2592562C00D42312 /* Build configuration list for PBXProject "TableViewApp" */;
			compatibilityVersion = "Xcode 9.3";
			developmentRegion = en;
			hasScannedForEncodings = 0;
			knownRegions = (
				en,
				Base,
			);
			mainGroup = CECDF0E72592562C00D42312;
			productRefGroup = CECDF0F12592562C00D42312 /* Products */;
			projectDirPath = "";
			projectRoot = "";
			targets = (
				CECDF0EF2592562C00D42312 /* TableViewApp */,
			);
		};
/* End PBXProject section */

/* Begin PBXResourcesBuildPhase section */
		CECDF0EE2592562C00D42312 /* Resources */ = {
			isa = PBXResourcesBuildPhase;
			buildActionMask = 2147483647;
			files = (
				CECDF1002592563100D42312 /* LaunchScreen.storyboard in Resources */,
				CECDF0FD2592563100D42312 /* Assets.xcassets in Resources */,
				CECDF0FB2592562C00D42312 /* Main.storyboard in Resources */,
			);
			runOnlyForDeploymentPostprocessing = 0;
		};
/* End PBXResourcesBuildPhase section */

/* Begin PBXSourcesBuildPhase section */
		CECDF0EC2592562C00D42312 /* Sources */ = {
			isa = PBXSourcesBuildPhase;
			buildActionMask = 2147483647;
			files = (
				CECDF1172592633A00D42312 /* Person.swift in Sources */,
				CECDF0F42592562C00D42312 /* AppDelegate.swift in Sources */,
				CECDF10B259256E000D42312 /* FirstTableVC.swift in Sources */,
				CECDF11A259263AC00D42312 /* DataManager.swift in Sources */,
				CECDF0F62592562C00D42312 /* SceneDelegate.swift in Sources */,
				CECDF10E259256FF00D42312 /* SecondTableVC.swift in Sources */,
				CECDF11325925F8800D42312 /* ContactsViewController.swift in Sources */,
			);
			runOnlyForDeploymentPostprocessing = 0;
		};
/* End PBXSourcesBuildPhase section */

/* Begin PBXVariantGroup section */
		CECDF0F92592562C00D42312 /* Main.storyboard */ = {
			isa = PBXVariantGroup;
			children = (
				CECDF0FA2592562C00D42312 /* Base */,
			);
			name = Main.storyboard;
			sourceTree = "<group>";
		};
		CECDF0FE2592563100D42312 /* LaunchScreen.storyboard */ = {
			isa = PBXVariantGroup;
			children = (
				CECDF0FF2592563100D42312 /* Base */,
			);
			name = LaunchScreen.storyboard;
			sourceTree = "<group>";
		};
/* End PBXVariantGroup section */

/* Begin XCBuildConfiguration section */
		CECDF1022592563100D42312 /* Debug */ = {
			isa = XCBuildConfiguration;
			buildSettings = {
				ALWAYS_SEARCH_USER_PATHS = NO;
				CLANG_ANALYZER_NONNULL = YES;
				CLANG_ANALYZER_NUMBER_OBJECT_CONVERSION = YES_AGGRESSIVE;
				CLANG_CXX_LANGUAGE_STANDARD = "gnu++14";
				CLANG_CXX_LIBRARY = "libc++";
				CLANG_ENABLE_MODULES = YES;
				CLANG_ENABLE_OBJC_ARC = YES;
				CLANG_ENABLE_OBJC_WEAK = YES;
				CLANG_WARN_BLOCK_CAPTURE_AUTORELEASING = YES;
				CLANG_WARN_BOOL_CONVERSION = YES;
				CLANG_WARN_COMMA = YES;
				CLANG_WARN_CONSTANT_CONVERSION = YES;
				CLANG_WARN_DEPRECATED_OBJC_IMPLEMENTATIONS = YES;
				CLANG_WARN_DIRECT_OBJC_ISA_USAGE = YES_ERROR;
				CLANG_WARN_DOCUMENTATION_COMMENTS = YES;
				CLANG_WARN_EMPTY_BODY = YES;
				CLANG_WARN_ENUM_CONVERSION = YES;
				CLANG_WARN_INFINITE_RECURSION = YES;
				CLANG_WARN_INT_CONVERSION = YES;
				CLANG_WARN_NON_LITERAL_NULL_CONVERSION = YES;
				CLANG_WARN_OBJC_IMPLICIT_RETAIN_SELF = YES;
				CLANG_WARN_OBJC_LITERAL_CONVERSION = YES;
				CLANG_WARN_OBJC_ROOT_CLASS = YES_ERROR;
				CLANG_WARN_QUOTED_INCLUDE_IN_FRAMEWORK_HEADER = YES;
				CLANG_WARN_RANGE_LOOP_ANALYSIS = YES;
				CLANG_WARN_STRICT_PROTOTYPES = YES;
				CLANG_WARN_SUSPICIOUS_MOVE = YES;
				CLANG_WARN_UNGUARDED_AVAILABILITY = YES_AGGRESSIVE;
				CLANG_WARN_UNREACHABLE_CODE = YES;
				CLANG_WARN__DUPLICATE_METHOD_MATCH = YES;
				COPY_PHASE_STRIP = NO;
				DEBUG_INFORMATION_FORMAT = dwarf;
				ENABLE_STRICT_OBJC_MSGSEND = YES;
				ENABLE_TESTABILITY = YES;
				GCC_C_LANGUAGE_STANDARD = gnu11;
				GCC_DYNAMIC_NO_PIC = NO;
				GCC_NO_COMMON_BLOCKS = YES;
				GCC_OPTIMIZATION_LEVEL = 0;
				GCC_PREPROCESSOR_DEFINITIONS = (
					"DEBUG=1",
					"$(inherited)",
				);
				GCC_WARN_64_TO_32_BIT_CONVERSION = YES;
				GCC_WARN_ABOUT_RETURN_TYPE = YES_ERROR;
				GCC_WARN_UNDECLARED_SELECTOR = YES;
				GCC_WARN_UNINITIALIZED_AUTOS = YES_AGGRESSIVE;
				GCC_WARN_UNUSED_FUNCTION = YES;
				GCC_WARN_UNUSED_VARIABLE = YES;
				IPHONEOS_DEPLOYMENT_TARGET = 14.3;
				MTL_ENABLE_DEBUG_INFO = INCLUDE_SOURCE;
				MTL_FAST_MATH = YES;
				ONLY_ACTIVE_ARCH = YES;
				SDKROOT = iphoneos;
				SWIFT_ACTIVE_COMPILATION_CONDITIONS = DEBUG;
				SWIFT_OPTIMIZATION_LEVEL = "-Onone";
			};
			name = Debug;
		};
		CECDF1032592563100D42312 /* Release */ = {
			isa = XCBuildConfiguration;
			buildSettings = {
				ALWAYS_SEARCH_USER_PATHS = NO;
				CLANG_ANALYZER_NONNULL = YES;
				CLANG_ANALYZER_NUMBER_OBJECT_CONVERSION = YES_AGGRESSIVE;
				CLANG_CXX_LANGUAGE_STANDARD = "gnu++14";
				CLANG_CXX_LIBRARY = "libc++";
				CLANG_ENABLE_MODULES = YES;
				CLANG_ENABLE_OBJC_ARC = YES;
				CLANG_ENABLE_OBJC_WEAK = YES;
				CLANG_WARN_BLOCK_CAPTURE_AUTORELEASING = YES;
				CLANG_WARN_BOOL_CONVERSION = YES;
				CLANG_WARN_COMMA = YES;
				CLANG_WARN_CONSTANT_CONVERSION = YES;
				CLANG_WARN_DEPRECATED_OBJC_IMPLEMENTATIONS = YES;
				CLANG_WARN_DIRECT_OBJC_ISA_USAGE = YES_ERROR;
				CLANG_WARN_DOCUMENTATION_COMMENTS = YES;
				CLANG_WARN_EMPTY_BODY = YES;
				CLANG_WARN_ENUM_CONVERSION = YES;
				CLANG_WARN_INFINITE_RECURSION = YES;
				CLANG_WARN_INT_CONVERSION = YES;
				CLANG_WARN_NON_LITERAL_NULL_CONVERSION = YES;
				CLANG_WARN_OBJC_IMPLICIT_RETAIN_SELF = YES;
				CLANG_WARN_OBJC_LITERAL_CONVERSION = YES;
				CLANG_WARN_OBJC_ROOT_CLASS = YES_ERROR;
				CLANG_WARN_QUOTED_INCLUDE_IN_FRAMEWORK_HEADER = YES;
				CLANG_WARN_RANGE_LOOP_ANALYSIS = YES;
				CLANG_WARN_STRICT_PROTOTYPES = YES;
				CLANG_WARN_SUSPICIOUS_MOVE = YES;
				CLANG_WARN_UNGUARDED_AVAILABILITY = YES_AGGRESSIVE;
				CLANG_WARN_UNREACHABLE_CODE = YES;
				CLANG_WARN__DUPLICATE_METHOD_MATCH = YES;
				COPY_PHASE_STRIP = NO;
				DEBUG_INFORMATION_FORMAT = "dwarf-with-dsym";
				ENABLE_NS_ASSERTIONS = NO;
				ENABLE_STRICT_OBJC_MSGSEND = YES;
				GCC_C_LANGUAGE_STANDARD = gnu11;
				GCC_NO_COMMON_BLOCKS = YES;
				GCC_WARN_64_TO_32_BIT_CONVERSION = YES;
				GCC_WARN_ABOUT_RETURN_TYPE = YES_ERROR;
				GCC_WARN_UNDECLARED_SELECTOR = YES;
				GCC_WARN_UNINITIALIZED_AUTOS = YES_AGGRESSIVE;
				GCC_WARN_UNUSED_FUNCTION = YES;
				GCC_WARN_UNUSED_VARIABLE = YES;
				IPHONEOS_DEPLOYMENT_TARGET = 14.3;
				MTL_ENABLE_DEBUG_INFO = NO;
				MTL_FAST_MATH = YES;
				SDKROOT = iphoneos;
				SWIFT_COMPILATION_MODE = wholemodule;
				SWIFT_OPTIMIZATION_LEVEL = "-O";
				VALIDATE_PRODUCT = YES;
			};
			name = Release;
		};
		CECDF1052592563100D42312 /* Debug */ = {
			isa = XCBuildConfiguration;
			buildSettings = {
				ASSETCATALOG_COMPILER_APPICON_NAME = AppIcon;
				ASSETCATALOG_COMPILER_GLOBAL_ACCENT_COLOR_NAME = AccentColor;
				CODE_SIGN_STYLE = Automatic;
				DEVELOPMENT_TEAM = N2CBDD2BSU;
				INFOPLIST_FILE = TableViewApp/Info.plist;
				IPHONEOS_DEPLOYMENT_TARGET = 14.0;
				LD_RUNPATH_SEARCH_PATHS = (
					"$(inherited)",
					"@executable_path/Frameworks",
				);
				PRODUCT_BUNDLE_IDENTIFIER = "Trent-House.TableViewApp";
				PRODUCT_NAME = "$(TARGET_NAME)";
				SWIFT_VERSION = 5.0;
				TARGETED_DEVICE_FAMILY = "1,2";
			};
			name = Debug;
		};
		CECDF1062592563100D42312 /* Release */ = {
			isa = XCBuildConfiguration;
			buildSettings = {
				ASSETCATALOG_COMPILER_APPICON_NAME = AppIcon;
				ASSETCATALOG_COMPILER_GLOBAL_ACCENT_COLOR_NAME = AccentColor;
				CODE_SIGN_STYLE = Automatic;
				DEVELOPMENT_TEAM = N2CBDD2BSU;
				INFOPLIST_FILE = TableViewApp/Info.plist;
				IPHONEOS_DEPLOYMENT_TARGET = 14.0;
				LD_RUNPATH_SEARCH_PATHS = (
					"$(inherited)",
					"@executable_path/Frameworks",
				);
				PRODUCT_BUNDLE_IDENTIFIER = "Trent-House.TableViewApp";
				PRODUCT_NAME = "$(TARGET_NAME)";
				SWIFT_VERSION = 5.0;
				TARGETED_DEVICE_FAMILY = "1,2";
			};
			name = Release;
		};
/* End XCBuildConfiguration section */

/* Begin XCConfigurationList section */
		CECDF0EB2592562C00D42312 /* Build configuration list for PBXProject "TableViewApp" */ = {
			isa = XCConfigurationList;
			buildConfigurations = (
				CECDF1022592563100D42312 /* Debug */,
				CECDF1032592563100D42312 /* Release */,
			);
			defaultConfigurationIsVisible = 0;
			defaultConfigurationName = Release;
		};
		CECDF1042592563100D42312 /* Build configuration list for PBXNativeTarget "TableViewApp" */ = {
			isa = XCConfigurationList;
			buildConfigurations = (
				CECDF1052592563100D42312 /* Debug */,
				CECDF1062592563100D42312 /* Release */,
			);
			defaultConfigurationIsVisible = 0;
			defaultConfigurationName = Release;
		};
/* End XCConfigurationList section */
	};
	rootObject = CECDF0E82592562C00D42312 /* Project object */;
}
