// !$*UTF8*$!
{
	archiveVersion = 1;
	classes = {
	};
	objectVersion = 50;
	objects = {

/* Begin PBXBuildFile section */
		CE196D2E2585510600228819 /* AppDelegate.swift in Sources */ = {isa = PBXBuildFile; fileRef = CE196D2D2585510600228819 /* AppDelegate.swift */; };
		CE196D302585510600228819 /* SceneDelegate.swift in Sources */ = {isa = PBXBuildFile; fileRef = CE196D2F2585510600228819 /* SceneDelegate.swift */; };
		CE196D322585510600228819 /* LoginViewController.swift in Sources */ = {isa = PBXBuildFile; fileRef = CE196D312585510600228819 /* LoginViewController.swift */; };
		CE196D352585510600228819 /* Main.storyboard in Resources */ = {isa = PBXBuildFile; fileRef = CE196D332585510600228819 /* Main.storyboard */; };
		CE196D372585510B00228819 /* Assets.xcassets in Resources */ = {isa = PBXBuildFile; fileRef = CE196D362585510B00228819 /* Assets.xcassets */; };
		CE196D3A2585510B00228819 /* LaunchScreen.storyboard in Resources */ = {isa = PBXBuildFile; fileRef = CE196D382585510B00228819 /* LaunchScreen.storyboard */; };
		CE196D44258558EC00228819 /* HomeViewController.swift in Sources */ = {isa = PBXBuildFile; fileRef = CE196D43258558EC00228819 /* HomeViewController.swift */; };
		CE196D482585592200228819 /* LoginData.swift in Sources */ = {isa = PBXBuildFile; fileRef = CE196D472585592200228819 /* LoginData.swift */; };
		CE196D4E25856B1700228819 /* InfoViewController.swift in Sources */ = {isa = PBXBuildFile; fileRef = CE196D4D25856B1700228819 /* InfoViewController.swift */; };
		CE196D5625858B1A00228819 /* HobbyData.swift in Sources */ = {isa = PBXBuildFile; fileRef = CE196D5525858B1A00228819 /* HobbyData.swift */; };
/* End PBXBuildFile section */

/* Begin PBXFileReference section */
		CE196D2A2585510600228819 /* LoginScreen.app */ = {isa = PBXFileReference; explicitFileType = wrapper.application; includeInIndex = 0; path = LoginScreen.app; sourceTree = BUILT_PRODUCTS_DIR; };
		CE196D2D2585510600228819 /* AppDelegate.swift */ = {isa = PBXFileReference; lastKnownFileType = sourcecode.swift; path = AppDelegate.swift; sourceTree = "<group>"; };
		CE196D2F2585510600228819 /* SceneDelegate.swift */ = {isa = PBXFileReference; lastKnownFileType = sourcecode.swift; path = SceneDelegate.swift; sourceTree = "<group>"; };
		CE196D312585510600228819 /* LoginViewController.swift */ = {isa = PBXFileReference; lastKnownFileType = sourcecode.swift; path = LoginViewController.swift; sourceTree = "<group>"; };
		CE196D342585510600228819 /* Base */ = {isa = PBXFileReference; lastKnownFileType = file.storyboard; name = Base; path = Base.lproj/Main.storyboard; sourceTree = "<group>"; };
		CE196D362585510B00228819 /* Assets.xcassets */ = {isa = PBXFileReference; lastKnownFileType = folder.assetcatalog; path = Assets.xcassets; sourceTree = "<group>"; };
		CE196D392585510B00228819 /* Base */ = {isa = PBXFileReference; lastKnownFileType = file.storyboard; name = Base; path = Base.lproj/LaunchScreen.storyboard; sourceTree = "<group>"; };
		CE196D3B2585510B00228819 /* Info.plist */ = {isa = PBXFileReference; lastKnownFileType = text.plist.xml; path = Info.plist; sourceTree = "<group>"; };
		CE196D43258558EC00228819 /* HomeViewController.swift */ = {isa = PBXFileReference; lastKnownFileType = sourcecode.swift; path = HomeViewController.swift; sourceTree = "<group>"; };
		CE196D472585592200228819 /* LoginData.swift */ = {isa = PBXFileReference; lastKnownFileType = sourcecode.swift; path = LoginData.swift; sourceTree = "<group>"; };
		CE196D4D25856B1700228819 /* InfoViewController.swift */ = {isa = PBXFileReference; lastKnownFileType = sourcecode.swift; path = InfoViewController.swift; sourceTree = "<group>"; };
		CE196D5525858B1A00228819 /* HobbyData.swift */ = {isa = PBXFileReference; lastKnownFileType = sourcecode.swift; path = HobbyData.swift; sourceTree = "<group>"; };
/* End PBXFileReference section */

/* Begin PBXFrameworksBuildPhase section */
		CE196D272585510600228819 /* Frameworks */ = {
			isa = PBXFrameworksBuildPhase;
			buildActionMask = 2147483647;
			files = (
			);
			runOnlyForDeploymentPostprocessing = 0;
		};
/* End PBXFrameworksBuildPhase section */

/* Begin PBXGroup section */
		CE196D212585510600228819 = {
			isa = PBXGroup;
			children = (
				CE196D2C2585510600228819 /* LoginScreen */,
				CE196D2B2585510600228819 /* Products */,
			);
			sourceTree = "<group>";
		};
		CE196D2B2585510600228819 /* Products */ = {
			isa = PBXGroup;
			children = (
				CE196D2A2585510600228819 /* LoginScreen.app */,
			);
			name = Products;
			sourceTree = "<group>";
		};
		CE196D2C2585510600228819 /* LoginScreen */ = {
			isa = PBXGroup;
			children = (
				CE196D2D2585510600228819 /* AppDelegate.swift */,
				CE196D2F2585510600228819 /* SceneDelegate.swift */,
				CE196D5825858B2400228819 /* Model */,
				CE196D46258558F500228819 /* VC */,
				CE196D332585510600228819 /* Main.storyboard */,
				CE196D362585510B00228819 /* Assets.xcassets */,
				CE196D382585510B00228819 /* LaunchScreen.storyboard */,
				CE196D3B2585510B00228819 /* Info.plist */,
			);
			path = LoginScreen;
			sourceTree = "<group>";
		};
		CE196D46258558F500228819 /* VC */ = {
			isa = PBXGroup;
			children = (
				CE196D312585510600228819 /* LoginViewController.swift */,
				CE196D43258558EC00228819 /* HomeViewController.swift */,
				CE196D4D25856B1700228819 /* InfoViewController.swift */,
			);
			path = VC;
			sourceTree = "<group>";
		};
		CE196D5825858B2400228819 /* Model */ = {
			isa = PBXGroup;
			children = (
				CE196D472585592200228819 /* LoginData.swift */,
				CE196D5525858B1A00228819 /* HobbyData.swift */,
			);
			path = Model;
			sourceTree = "<group>";
		};
/* End PBXGroup section */

/* Begin PBXNativeTarget section */
		CE196D292585510600228819 /* LoginScreen */ = {
			isa = PBXNativeTarget;
			buildConfigurationList = CE196D3E2585510B00228819 /* Build configuration list for PBXNativeTarget "LoginScreen" */;
			buildPhases = (
				CE196D262585510600228819 /* Sources */,
				CE196D272585510600228819 /* Frameworks */,
				CE196D282585510600228819 /* Resources */,
			);
			buildRules = (
			);
			dependencies = (
			);
			name = LoginScreen;
			productName = LoginScreen;
			productReference = CE196D2A2585510600228819 /* LoginScreen.app */;
			productType = "com.apple.product-type.application";
		};
/* End PBXNativeTarget section */

/* Begin PBXProject section */
		CE196D222585510600228819 /* Project object */ = {
			isa = PBXProject;
			attributes = {
				LastSwiftUpdateCheck = 1220;
				LastUpgradeCheck = 1220;
				TargetAttributes = {
					CE196D292585510600228819 = {
						CreatedOnToolsVersion = 12.2;
					};
				};
			};
			buildConfigurationList = CE196D252585510600228819 /* Build configuration list for PBXProject "LoginScreen" */;
			compatibilityVersion = "Xcode 9.3";
			developmentRegion = en;
			hasScannedForEncodings = 0;
			knownRegions = (
				en,
				Base,
			);
			mainGroup = CE196D212585510600228819;
			productRefGroup = CE196D2B2585510600228819 /* Products */;
			projectDirPath = "";
			projectRoot = "";
			targets = (
				CE196D292585510600228819 /* LoginScreen */,
			);
		};
/* End PBXProject section */

/* Begin PBXResourcesBuildPhase section */
		CE196D282585510600228819 /* Resources */ = {
			isa = PBXResourcesBuildPhase;
			buildActionMask = 2147483647;
			files = (
				CE196D3A2585510B00228819 /* LaunchScreen.storyboard in Resources */,
				CE196D372585510B00228819 /* Assets.xcassets in Resources */,
				CE196D352585510600228819 /* Main.storyboard in Resources */,
			);
			runOnlyForDeploymentPostprocessing = 0;
		};
/* End PBXResourcesBuildPhase section */

/* Begin PBXSourcesBuildPhase section */
		CE196D262585510600228819 /* Sources */ = {
			isa = PBXSourcesBuildPhase;
			buildActionMask = 2147483647;
			files = (
				CE196D44258558EC00228819 /* HomeViewController.swift in Sources */,
				CE196D482585592200228819 /* LoginData.swift in Sources */,
				CE196D322585510600228819 /* LoginViewController.swift in Sources */,
				CE196D2E2585510600228819 /* AppDelegate.swift in Sources */,
				CE196D4E25856B1700228819 /* InfoViewController.swift in Sources */,
				CE196D302585510600228819 /* SceneDelegate.swift in Sources */,
				CE196D5625858B1A00228819 /* HobbyData.swift in Sources */,
			);
			runOnlyForDeploymentPostprocessing = 0;
		};
/* End PBXSourcesBuildPhase section */

/* Begin PBXVariantGroup section */
		CE196D332585510600228819 /* Main.storyboard */ = {
			isa = PBXVariantGroup;
			children = (
				CE196D342585510600228819 /* Base */,
			);
			name = Main.storyboard;
			sourceTree = "<group>";
		};
		CE196D382585510B00228819 /* LaunchScreen.storyboard */ = {
			isa = PBXVariantGroup;
			children = (
				CE196D392585510B00228819 /* Base */,
			);
			name = LaunchScreen.storyboard;
			sourceTree = "<group>";
		};
/* End PBXVariantGroup section */

/* Begin XCBuildConfiguration section */
		CE196D3C2585510B00228819 /* Debug */ = {
			isa = XCBuildConfiguration;
			buildSettings = {
				ALWAYS_SEARCH_USER_PATHS = NO;
				CLANG_ANALYZER_NONNULL = YES;
				CLANG_ANALYZER_NUMBER_OBJECT_CONVERSION = YES_AGGRESSIVE;
				CLANG_CXX_LANGUAGE_STANDARD = "gnu++14";
				CLANG_CXX_LIBRARY = "libc++";
				CLANG_ENABLE_MODULES = YES;
				CLANG_ENABLE_OBJC_ARC = YES;
				CLANG_ENABLE_OBJC_WEAK = YES;
				CLANG_WARN_BLOCK_CAPTURE_AUTORELEASING = YES;
				CLANG_WARN_BOOL_CONVERSION = YES;
				CLANG_WARN_COMMA = YES;
				CLANG_WARN_CONSTANT_CONVERSION = YES;
				CLANG_WARN_DEPRECATED_OBJC_IMPLEMENTATIONS = YES;
				CLANG_WARN_DIRECT_OBJC_ISA_USAGE = YES_ERROR;
				CLANG_WARN_DOCUMENTATION_COMMENTS = YES;
				CLANG_WARN_EMPTY_BODY = YES;
				CLANG_WARN_ENUM_CONVERSION = YES;
				CLANG_WARN_INFINITE_RECURSION = YES;
				CLANG_WARN_INT_CONVERSION = YES;
				CLANG_WARN_NON_LITERAL_NULL_CONVERSION = YES;
				CLANG_WARN_OBJC_IMPLICIT_RETAIN_SELF = YES;
				CLANG_WARN_OBJC_LITERAL_CONVERSION = YES;
				CLANG_WARN_OBJC_ROOT_CLASS = YES_ERROR;
				CLANG_WARN_QUOTED_INCLUDE_IN_FRAMEWORK_HEADER = YES;
				CLANG_WARN_RANGE_LOOP_ANALYSIS = YES;
				CLANG_WARN_STRICT_PROTOTYPES = YES;
				CLANG_WARN_SUSPICIOUS_MOVE = YES;
				CLANG_WARN_UNGUARDED_AVAILABILITY = YES_AGGRESSIVE;
				CLANG_WARN_UNREACHABLE_CODE = YES;
				CLANG_WARN__DUPLICATE_METHOD_MATCH = YES;
				COPY_PHASE_STRIP = NO;
				DEBUG_INFORMATION_FORMAT = dwarf;
				ENABLE_STRICT_OBJC_MSGSEND = YES;
				ENABLE_TESTABILITY = YES;
				GCC_C_LANGUAGE_STANDARD = gnu11;
				GCC_DYNAMIC_NO_PIC = NO;
				GCC_NO_COMMON_BLOCKS = YES;
				GCC_OPTIMIZATION_LEVEL = 0;
				GCC_PREPROCESSOR_DEFINITIONS = (
					"DEBUG=1",
					"$(inherited)",
				);
				GCC_WARN_64_TO_32_BIT_CONVERSION = YES;
				GCC_WARN_ABOUT_RETURN_TYPE = YES_ERROR;
				GCC_WARN_UNDECLARED_SELECTOR = YES;
				GCC_WARN_UNINITIALIZED_AUTOS = YES_AGGRESSIVE;
				GCC_WARN_UNUSED_FUNCTION = YES;
				GCC_WARN_UNUSED_VARIABLE = YES;
				IPHONEOS_DEPLOYMENT_TARGET = 14.0;
				MTL_ENABLE_DEBUG_INFO = INCLUDE_SOURCE;
				MTL_FAST_MATH = YES;
				ONLY_ACTIVE_ARCH = YES;
				SDKROOT = iphoneos;
				SWIFT_ACTIVE_COMPILATION_CONDITIONS = DEBUG;
				SWIFT_OPTIMIZATION_LEVEL = "-Onone";
			};
			name = Debug;
		};
		CE196D3D2585510B00228819 /* Release */ = {
			isa = XCBuildConfiguration;
			buildSettings = {
				ALWAYS_SEARCH_USER_PATHS = NO;
				CLANG_ANALYZER_NONNULL = YES;
				CLANG_ANALYZER_NUMBER_OBJECT_CONVERSION = YES_AGGRESSIVE;
				CLANG_CXX_LANGUAGE_STANDARD = "gnu++14";
				CLANG_CXX_LIBRARY = "libc++";
				CLANG_ENABLE_MODULES = YES;
				CLANG_ENABLE_OBJC_ARC = YES;
				CLANG_ENABLE_OBJC_WEAK = YES;
				CLANG_WARN_BLOCK_CAPTURE_AUTORELEASING = YES;
				CLANG_WARN_BOOL_CONVERSION = YES;
				CLANG_WARN_COMMA = YES;
				CLANG_WARN_CONSTANT_CONVERSION = YES;
				CLANG_WARN_DEPRECATED_OBJC_IMPLEMENTATIONS = YES;
				CLANG_WARN_DIRECT_OBJC_ISA_USAGE = YES_ERROR;
				CLANG_WARN_DOCUMENTATION_COMMENTS = YES;
				CLANG_WARN_EMPTY_BODY = YES;
				CLANG_WARN_ENUM_CONVERSION = YES;
				CLANG_WARN_INFINITE_RECURSION = YES;
				CLANG_WARN_INT_CONVERSION = YES;
				CLANG_WARN_NON_LITERAL_NULL_CONVERSION = YES;
				CLANG_WARN_OBJC_IMPLICIT_RETAIN_SELF = YES;
				CLANG_WARN_OBJC_LITERAL_CONVERSION = YES;
				CLANG_WARN_OBJC_ROOT_CLASS = YES_ERROR;
				CLANG_WARN_QUOTED_INCLUDE_IN_FRAMEWORK_HEADER = YES;
				CLANG_WARN_RANGE_LOOP_ANALYSIS = YES;
				CLANG_WARN_STRICT_PROTOTYPES = YES;
				CLANG_WARN_SUSPICIOUS_MOVE = YES;
				CLANG_WARN_UNGUARDED_AVAILABILITY = YES_AGGRESSIVE;
				CLANG_WARN_UNREACHABLE_CODE = YES;
				CLANG_WARN__DUPLICATE_METHOD_MATCH = YES;
				COPY_PHASE_STRIP = NO;
				DEBUG_INFORMATION_FORMAT = "dwarf-with-dsym";
				ENABLE_NS_ASSERTIONS = NO;
				ENABLE_STRICT_OBJC_MSGSEND = YES;
				GCC_C_LANGUAGE_STANDARD = gnu11;
				GCC_NO_COMMON_BLOCKS = YES;
				GCC_WARN_64_TO_32_BIT_CONVERSION = YES;
				GCC_WARN_ABOUT_RETURN_TYPE = YES_ERROR;
				GCC_WARN_UNDECLARED_SELECTOR = YES;
				GCC_WARN_UNINITIALIZED_AUTOS = YES_AGGRESSIVE;
				GCC_WARN_UNUSED_FUNCTION = YES;
				GCC_WARN_UNUSED_VARIABLE = YES;
				IPHONEOS_DEPLOYMENT_TARGET = 14.0;
				MTL_ENABLE_DEBUG_INFO = NO;
				MTL_FAST_MATH = YES;
				SDKROOT = iphoneos;
				SWIFT_COMPILATION_MODE = wholemodule;
				SWIFT_OPTIMIZATION_LEVEL = "-O";
				VALIDATE_PRODUCT = YES;
			};
			name = Release;
		};
		CE196D3F2585510B00228819 /* Debug */ = {
			isa = XCBuildConfiguration;
			buildSettings = {
				ASSETCATALOG_COMPILER_APPICON_NAME = AppIcon;
				ASSETCATALOG_COMPILER_GLOBAL_ACCENT_COLOR_NAME = AccentColor;
				CODE_SIGN_STYLE = Automatic;
				DEVELOPMENT_TEAM = N2CBDD2BSU;
				INFOPLIST_FILE = LoginScreen/Info.plist;
				IPHONEOS_DEPLOYMENT_TARGET = 14.0;
				LD_RUNPATH_SEARCH_PATHS = (
					"$(inherited)",
					"@executable_path/Frameworks",
				);
				PRODUCT_BUNDLE_IDENTIFIER = "Trent-House.LoginScreen";
				PRODUCT_NAME = "$(TARGET_NAME)";
				SWIFT_VERSION = 5.0;
				TARGETED_DEVICE_FAMILY = "1,2";
			};
			name = Debug;
		};
		CE196D402585510B00228819 /* Release */ = {
			isa = XCBuildConfiguration;
			buildSettings = {
				ASSETCATALOG_COMPILER_APPICON_NAME = AppIcon;
				ASSETCATALOG_COMPILER_GLOBAL_ACCENT_COLOR_NAME = AccentColor;
				CODE_SIGN_STYLE = Automatic;
				DEVELOPMENT_TEAM = N2CBDD2BSU;
				INFOPLIST_FILE = LoginScreen/Info.plist;
				IPHONEOS_DEPLOYMENT_TARGET = 14.0;
				LD_RUNPATH_SEARCH_PATHS = (
					"$(inherited)",
					"@executable_path/Frameworks",
				);
				PRODUCT_BUNDLE_IDENTIFIER = "Trent-House.LoginScreen";
				PRODUCT_NAME = "$(TARGET_NAME)";
				SWIFT_VERSION = 5.0;
				TARGETED_DEVICE_FAMILY = "1,2";
			};
			name = Release;
		};
/* End XCBuildConfiguration section */

/* Begin XCConfigurationList section */
		CE196D252585510600228819 /* Build configuration list for PBXProject "LoginScreen" */ = {
			isa = XCConfigurationList;
			buildConfigurations = (
				CE196D3C2585510B00228819 /* Debug */,
				CE196D3D2585510B00228819 /* Release */,
			);
			defaultConfigurationIsVisible = 0;
			defaultConfigurationName = Release;
		};
		CE196D3E2585510B00228819 /* Build configuration list for PBXNativeTarget "LoginScreen" */ = {
			isa = XCConfigurationList;
			buildConfigurations = (
				CE196D3F2585510B00228819 /* Debug */,
				CE196D402585510B00228819 /* Release */,
			);
			defaultConfigurationIsVisible = 0;
			defaultConfigurationName = Release;
		};
/* End XCConfigurationList section */
	};
	rootObject = CE196D222585510600228819 /* Project object */;
}
